
Microsoft Visual Studio Solution File, Format Version 12.00
# Visual Studio Version 17
VisualStudioVersion = 17.11.35222.181
MinimumVisualStudioVersion = 10.0.40219.1
Project("{9A19103F-16F7-4668-BE54-9A1E7A4F7556}") = "SurveyPlatform", "SurveyPlatform.csproj", "{D7E1A8E8-9B80-42B6-A3E5-93174F6A7523}"
EndProject
Project("{FAE04EC0-301F-11D3-BF4B-00C04F79EFBC}") = "SurveyPlatform.DAL", "..\SurveyPlatform.DAL\SurveyPlatform.DAL.csproj", "{2F659E38-E265-415E-8CBB-5BF195301713}"
EndProject
Global
	GlobalSection(SolutionConfigurationPlatforms) = preSolution
		Debug|Any CPU = Debug|Any CPU
		Release|Any CPU = Release|Any CPU
	EndGlobalSection
	GlobalSection(ProjectConfigurationPlatforms) = postSolution
		{D7E1A8E8-9B80-42B6-A3E5-93174F6A7523}.Debug|Any CPU.ActiveCfg = Debug|Any CPU
		{D7E1A8E8-9B80-42B6-A3E5-93174F6A7523}.Debug|Any CPU.Build.0 = Debug|Any CPU
		{D7E1A8E8-9B80-42B6-A3E5-93174F6A7523}.Release|Any CPU.ActiveCfg = Release|Any CPU
		{D7E1A8E8-9B80-42B6-A3E5-93174F6A7523}.Release|Any CPU.Build.0 = Release|Any CPU
		{2F659E38-E265-415E-8CBB-5BF195301713}.Debug|Any CPU.ActiveCfg = Debug|Any CPU
		{2F659E38-E265-415E-8CBB-5BF195301713}.Debug|Any CPU.Build.0 = Debug|Any CPU
		{2F659E38-E265-415E-8CBB-5BF195301713}.Release|Any CPU.ActiveCfg = Release|Any CPU
		{2F659E38-E265-415E-8CBB-5BF195301713}.Release|Any CPU.Build.0 = Release|Any CPU
	EndGlobalSection
	GlobalSection(SolutionProperties) = preSolution
		HideSolutionNode = FALSE
	EndGlobalSection
	GlobalSection(ExtensibilityGlobals) = postSolution
		SolutionGuid = {189F8440-1DB9-403C-807B-170829A69705}
	EndGlobalSection
EndGlobal
